dependencies:
- name: ui
  repository: file://../ui
  version: 1.0.0
- name: post
  repository: file://../post
  version: 1.0.0
- name: comment
  repository: file://../comment
  version: 1.0.0
- name: mongodb
  repository: https://charts.helm.sh/stable
  version: 7.8.10
digest: sha256:81a11fc4185232331ef3dccaf3a721fc7ba21453989beb4deace652a850e746b
generated: "2021-05-18T16:41:13.354327861+03:00"
